{
  "name": "vk-unicloud-router",
  "version": "1.0.0",
  "lockfileVersion": 1,
  "requires": true,
  "dependencies": {
    "uview-ui": {
      "version": "1.7.7",
      "resolved": "https://registry.npmjs.org/uview-ui/-/uview-ui-1.7.7.tgz",
      "integrity": "sha512-CpSWQyRlOYkPLOWWhFM5so6Epy3Wp+7HGPg2rGyMaC9kKHEv848a2T7xq6qgZsVjcYZOZwJCMJel7TiZZKNV8w=="
    },
    "vk-unicloud-page": {
      "version": "1.10.4",
      "resolved": "https://registry.npmjs.org/vk-unicloud-page/-/vk-unicloud-page-1.10.4.tgz",
      "integrity": "sha512-8fkqo3O/N6JeDrsB5mDo9J6gDVe5NklpMf1g8lADT8BDoe9eTlf6lZiXCdZM9ep8xF3Ec8Jn7NfjQIhsiG84KQ==",
      "requires": {
        "uview-ui": "~1.7.7"
      }
    }
  }
}
